
Microsoft Visual Studio Solution File, Format Version 12.00
# Visual Studio Version 17
VisualStudioVersion = 17.1.32210.238
MinimumVisualStudioVersion = 10.0.40219.1
Project("{FAE04EC0-301F-11D3-BF4B-00C04F79EFBC}") = "Shapes.Core", "Shapes.Core\Shapes.Core.csproj", "{2E398453-5704-483E-9EB4-9A6B67E83CE2}"
EndProject
Project("{FAE04EC0-301F-11D3-BF4B-00C04F79EFBC}") = "Shapes.Tests", "Shapes.Tests\Shapes.Tests.csproj", "{4947CF04-FCFE-47AE-B60B-408894319E5D}"
EndProject
Global
	GlobalSection(SolutionConfigurationPlatforms) = preSolution
		Debug|Any CPU = Debug|Any CPU
		Release|Any CPU = Release|Any CPU
	EndGlobalSection
	GlobalSection(ProjectConfigurationPlatforms) = postSolution
		{2E398453-5704-483E-9EB4-9A6B67E83CE2}.Debug|Any CPU.ActiveCfg = Debug|Any CPU
		{2E398453-5704-483E-9EB4-9A6B67E83CE2}.Debug|Any CPU.Build.0 = Debug|Any CPU
		{2E398453-5704-483E-9EB4-9A6B67E83CE2}.Release|Any CPU.ActiveCfg = Release|Any CPU
		{2E398453-5704-483E-9EB4-9A6B67E83CE2}.Release|Any CPU.Build.0 = Release|Any CPU
		{4947CF04-FCFE-47AE-B60B-408894319E5D}.Debug|Any CPU.ActiveCfg = Debug|Any CPU
		{4947CF04-FCFE-47AE-B60B-408894319E5D}.Debug|Any CPU.Build.0 = Debug|Any CPU
		{4947CF04-FCFE-47AE-B60B-408894319E5D}.Release|Any CPU.ActiveCfg = Release|Any CPU
		{4947CF04-FCFE-47AE-B60B-408894319E5D}.Release|Any CPU.Build.0 = Release|Any CPU
	EndGlobalSection
	GlobalSection(SolutionProperties) = preSolution
		HideSolutionNode = FALSE
	EndGlobalSection
	GlobalSection(ExtensibilityGlobals) = postSolution
		SolutionGuid = {8ACF8D06-144F-4038-94FF-5F73E0008903}
	EndGlobalSection
EndGlobal
